
Microsoft Visual Studio Solution File, Format Version 12.00
# Visual Studio 14
VisualStudioVersion = 14.0.25420.1
MinimumVisualStudioVersion = 10.0.40219.1
Project("{FAE04EC0-301F-11D3-BF4B-00C04F79EFBC}") = "Lansky.SharpMutator", "Lansky.SharpMutator.csproj", "{31C10924-9AC2-49EC-B386-FE0E4CF627D0}"
EndProject
Project("{FAE04EC0-301F-11D3-BF4B-00C04F79EFBC}") = "Lansky.SharpMutator.ExampleSut", "..\Lansky.SharpMutator.ExampleSut\Lansky.SharpMutator.ExampleSut.csproj", "{8FB4987C-7338-4B2C-990A-C536C072C67D}"
EndProject
Project("{FAE04EC0-301F-11D3-BF4B-00C04F79EFBC}") = "Lansky.SharpMutator.ExampleTest", "..\Lansky.SharpMutator.ExampleTest\Lansky.SharpMutator.ExampleTest.csproj", "{6B4A954F-550F-4E00-B692-78A21473458B}"
EndProject
Global
	GlobalSection(SolutionConfigurationPlatforms) = preSolution
		Debug|Any CPU = Debug|Any CPU
		Release|Any CPU = Release|Any CPU
	EndGlobalSection
	GlobalSection(ProjectConfigurationPlatforms) = postSolution
		{31C10924-9AC2-49EC-B386-FE0E4CF627D0}.Debug|Any CPU.ActiveCfg = Debug|Any CPU
		{31C10924-9AC2-49EC-B386-FE0E4CF627D0}.Debug|Any CPU.Build.0 = Debug|Any CPU
		{31C10924-9AC2-49EC-B386-FE0E4CF627D0}.Release|Any CPU.ActiveCfg = Release|Any CPU
		{31C10924-9AC2-49EC-B386-FE0E4CF627D0}.Release|Any CPU.Build.0 = Release|Any CPU
		{8FB4987C-7338-4B2C-990A-C536C072C67D}.Debug|Any CPU.ActiveCfg = Debug|Any CPU
		{8FB4987C-7338-4B2C-990A-C536C072C67D}.Debug|Any CPU.Build.0 = Debug|Any CPU
		{8FB4987C-7338-4B2C-990A-C536C072C67D}.Release|Any CPU.ActiveCfg = Release|Any CPU
		{8FB4987C-7338-4B2C-990A-C536C072C67D}.Release|Any CPU.Build.0 = Release|Any CPU
		{6B4A954F-550F-4E00-B692-78A21473458B}.Debug|Any CPU.ActiveCfg = Debug|Any CPU
		{6B4A954F-550F-4E00-B692-78A21473458B}.Debug|Any CPU.Build.0 = Debug|Any CPU
		{6B4A954F-550F-4E00-B692-78A21473458B}.Release|Any CPU.ActiveCfg = Release|Any CPU
		{6B4A954F-550F-4E00-B692-78A21473458B}.Release|Any CPU.Build.0 = Release|Any CPU
	EndGlobalSection
	GlobalSection(SolutionProperties) = preSolution
		HideSolutionNode = FALSE
	EndGlobalSection
EndGlobal
